{
  "version": 4,
  "terraform_version": "0.13.5",
  "serial": 1,
  "lineage": "5573fa37-7cf1-fcf5-4048-16ac81e6a483",
  "outputs": {},
  "resources": [
    {
      "mode": "managed",
      "type": "aws_vpc",
      "name": "example",
      "provider": "provider[\"registry.terraform.io/hashicorp/aws\"]",
      "instances": [
        {
          "schema_version": 1,
          "attributes": {
            "arn": "arn:aws:ec2:eu-west-1:409276471434:vpc/vpc-01535f5f99d536bbf",
            "assign_generated_ipv6_cidr_block": false,
            "cidr_block": "10.0.0.0/16",
            "default_network_acl_id": "acl-0ea754f80c4697091",
            "default_route_table_id": "rtb-0233a53d733ba6e97",
            "default_security_group_id": "sg-09689f390015f1a24",
            "dhcp_options_id": "dopt-22a41b44",
            "enable_classiclink": false,
            "enable_classiclink_dns_support": false,
            "enable_dns_hostnames": false,
            "enable_dns_support": true,
            "id": "vpc-01535f5f99d536bbf",
            "instance_tenancy": "default",
            "ipv6_association_id": "",
            "ipv6_cidr_block": "",
            "main_route_table_id": "rtb-0233a53d733ba6e97",
            "owner_id": "409276471434",
            "tags": null
          },
          "private": "eyJzY2hlbWFfdmVyc2lvbiI6IjEifQ=="
        }
      ]
    }
  ]
}
